# This file is autogenerated, do not edit; changes may be undone by the next 'dep ensure'.


[[projects]]
  digest = "1:c47f4964978e211c6e566596ec6246c329912ea92e9bb99c00798bb4564c5b09"
  name = "github.com/armon/go-radix"
  packages = ["."]
  pruneopts = "UT"
  revision = "1a2de0c21c94309923825da3df33a4381872c795"
  version = "v1.0.0"

[[projects]]
  digest = "1:3e41a2c057d4b6d5acb8dde27f881e338408de08880cfc6f1a4eea8b085b0eab"
  name = "github.com/beeker1121/goque"
  packages = ["."]
  pruneopts = "UT"
  revision = "d618510128aff49b39efd28bd1c72a18ad563e94"
  version = "v2.1.1"

[[projects]]
  digest = "1:96f3c9624f041706c3e35d2b7e7aa4931e394a6125ab2c5da8b99ff7c2e4723c"
  name = "github.com/elastic/go-sysinfo"
  packages = [
    ".",
    "internal/registry",
    "providers/darwin",
    "providers/linux",
    "providers/shared",
    "providers/windows",
    "types",
  ]
  pruneopts = "UT"
  revision = "b719bc42e40963c707571af208683a049e61f07f"
  version = "v1.3.0"

[[projects]]
  digest = "1:1ccb0a9b1971646dcaa9537cce0423a14aaf0643311abb8da753cd59372915d5"
  name = "github.com/elastic/go-windows"
  packages = ["."]
  pruneopts = "UT"
  revision = "8c929792e70203792e3baf128c380e28754ae8b5"
  version = "v1.0.1"

[[projects]]
  digest = "1:a3af33fd30536d9c5a7b6ad542390919e57c1125097a194c7b3d9904109a0611"
  name = "github.com/go-sql-driver/mysql"
  packages = ["."]
  pruneopts = "UT"
  revision = "17ef3dd9d98b69acec3e85878995ada9533a9370"
  version = "v1.5.0"

[[projects]]
  digest = "1:e4f5819333ac698d294fe04dbf640f84719658d5c7ce195b10060cc37292ce79"
  name = "github.com/golang/snappy"
  packages = ["."]
  pruneopts = "UT"
  revision = "2a8bb927dd31d8daada140a5d09578521ce5c36a"
  version = "v0.0.1"

[[projects]]
  branch = "master"
  digest = "1:ca41e6bafdc8d60c47dba38e9adfc75219a2892b09e5c2160161e7b6bf9562c2"
  name = "github.com/joeshaw/multierror"
  packages = ["."]
  pruneopts = "UT"
  revision = "69b34d4ec901851247ae7e77d33909caf9df99ed"

[[projects]]
  digest = "1:9e1d37b58d17113ec3cb5608ac0382313c5b59470b94ed97d0976e69c7022314"
  name = "github.com/pkg/errors"
  packages = ["."]
  pruneopts = "UT"
  revision = "614d223910a179a466c1767a985424175c39b465"
  version = "v0.9.1"

[[projects]]
  digest = "1:6421995dc4b0cae1fc87b615c1b7eb22e87a6746b5ac1f73221879bd2f1f4fc1"
  name = "github.com/prometheus/procfs"
  packages = [
    ".",
    "internal/fs",
    "internal/util",
  ]
  pruneopts = "UT"
  revision = "4850c197847aa06aecc37570077fc16e9215d565"
  version = "v0.0.10"

[[projects]]
  digest = "1:7146d5b587395e3db90e8ed497d138fd0fb04d7e0739e3de60119bbbf6cc78f7"
  name = "github.com/santhosh-tekuri/jsonschema"
  packages = ["."]
  pruneopts = "UT"
  revision = "137f44a49015e5060a447c331aa37de6e0f50267"
  version = "v2.2.0"

[[projects]]
  digest = "1:5b180f17d5bc50b765f4dcf0d126c72979531cbbd7f7929bf3edd87fb801ea2d"
  name = "github.com/syndtr/goleveldb"
  packages = [
    "leveldb",
    "leveldb/cache",
    "leveldb/comparer",
    "leveldb/errors",
    "leveldb/filter",
    "leveldb/iterator",
    "leveldb/journal",
    "leveldb/memdb",
    "leveldb/opt",
    "leveldb/storage",
    "leveldb/table",
    "leveldb/util",
  ]
  pruneopts = "UT"
  revision = "9d007e481048296f09f59bd19bb7ae584563cd95"
  version = "v1.0.0"

[[projects]]
  digest = "1:b53cfa2b4cd490a32c8bc0c2fd3fc46cae1f31221449333547f402f2b9f593c3"
  name = "go.elastic.co/apm"
  packages = [
    ".",
    "apmconfig",
    "internal/apmcontext",
    "internal/apmhostutil",
    "internal/apmhttputil",
    "internal/apmlog",
    "internal/apmschema",
    "internal/apmstrings",
    "internal/apmversion",
    "internal/configutil",
    "internal/iochan",
    "internal/pkgerrorsutil",
    "internal/ringbuffer",
    "internal/sqlscanner",
    "internal/sqlutil",
    "internal/wildcard",
    "model",
    "module/apmsql",
    "stacktrace",
    "transport",
  ]
  pruneopts = "UT"
  revision = "bd04e1a7f15b96a6756b235a76645d7e10da5f99"
  version = "v1.7.0"

[[projects]]
  digest = "1:48734c7f94880e24ce5e530e904223bfb70ac4802530f9a35fdb140bfefda2f3"
  name = "go.elastic.co/fastjson"
  packages = ["."]
  pruneopts = "UT"
  revision = "676cec79bd027a8a4618de0991f27cfe632978f1"
  version = "v1.0.0"

[[projects]]
  branch = "master"
  digest = "1:0fd0b9bf6a7b4505085a2e305fe03e3394aa4d5045beac83e948883a0c914fdc"
  name = "golang.org/x/sys"
  packages = [
    "unix",
    "windows",
    "windows/registry",
  ]
  pruneopts = "UT"
  revision = "12a6c2dcc1e4cb348b57847c73987099e261714b"

[[projects]]
  digest = "1:55b110c99c5fdc4f14930747326acce56b52cfce60b24b1c03ef686ac0e46bb1"
  name = "gopkg.in/yaml.v2"
  packages = ["."]
  pruneopts = "UT"
  revision = "53403b58ad1b561927d19068c655246f2db79d48"
  version = "v2.2.8"

[[projects]]
  branch = "master"
  digest = "1:c10265d5a71326618d37e97169eddb3582f78e8ac7dcf87403b4cf619efd519a"
  name = "howett.net/plist"
  packages = ["."]
  pruneopts = "UT"
  revision = "591f970eefbbeb04d7b37f334a0c4c3256e32876"

[solve-meta]
  analyzer-name = "dep"
  analyzer-version = 1
  input-imports = [
    "github.com/beeker1121/goque",
    "github.com/go-sql-driver/mysql",
    "go.elastic.co/apm/module/apmsql",
    "gopkg.in/yaml.v2",
  ]
  solver-name = "gps-cdcl"
  solver-version = 1
